
Microsoft Visual Studio Solution File, Format Version 12.00
# Visual Studio 2015
Project("{FAE04EC0-301F-11D3-BF4B-00C04F79EFBC}") = "IndieHearthstone.CSharp", "IndieHearthstone.CSharp.csproj", "{26BBDDD5-7EAA-26C3-AA2E-31F8288C74B3}"
EndProject
Project("{FAE04EC0-301F-11D3-BF4B-00C04F79EFBC}") = "IndieHearthstone.CSharp.Editor", "IndieHearthstone.CSharp.Editor.csproj", "{E4212DD0-A44E-8349-E752-1C3928628876}"
EndProject
Global
	GlobalSection(SolutionConfigurationPlatforms) = preSolution
		Debug|Any CPU = Debug|Any CPU
		Release|Any CPU = Release|Any CPU
	EndGlobalSection
	GlobalSection(ProjectConfigurationPlatforms) = postSolution
		{26BBDDD5-7EAA-26C3-AA2E-31F8288C74B3}.Debug|Any CPU.ActiveCfg = Debug|Any CPU
		{26BBDDD5-7EAA-26C3-AA2E-31F8288C74B3}.Debug|Any CPU.Build.0 = Debug|Any CPU
		{26BBDDD5-7EAA-26C3-AA2E-31F8288C74B3}.Release|Any CPU.ActiveCfg = Release|Any CPU
		{26BBDDD5-7EAA-26C3-AA2E-31F8288C74B3}.Release|Any CPU.Build.0 = Release|Any CPU
		{E4212DD0-A44E-8349-E752-1C3928628876}.Debug|Any CPU.ActiveCfg = Debug|Any CPU
		{E4212DD0-A44E-8349-E752-1C3928628876}.Debug|Any CPU.Build.0 = Debug|Any CPU
		{E4212DD0-A44E-8349-E752-1C3928628876}.Release|Any CPU.ActiveCfg = Release|Any CPU
		{E4212DD0-A44E-8349-E752-1C3928628876}.Release|Any CPU.Build.0 = Release|Any CPU
	EndGlobalSection
	GlobalSection(SolutionProperties) = preSolution
		HideSolutionNode = FALSE
	EndGlobalSection
EndGlobal
